<?xml version="1.0" encoding="utf-8"?>
<Project ToolsVersion="4.0" xmlns="http://schemas.microsoft.com/developer/msbuild/2003">
  <ItemGroup>
    <Filter Include="Source Files">
      <UniqueIdentifier>{4FC737F1-C7A5-4376-A066-2A32D752A2FF}</UniqueIdentifier>
      <Extensions>cpp;c;cc;cxx;c++;cppm;ixx;def;odl;idl;hpj;bat;asm;asmx</Extensions>
    </Filter>
    <Filter Include="Header Files">
      <UniqueIdentifier>{93995380-89BD-4b04-88EB-625FBE52EBFB}</UniqueIdentifier>
      <Extensions>h;hh;hpp;hxx;h++;hm;inl;inc;ipp;xsd</Extensions>
    </Filter>
    <Filter Include="Resource Files">
      <UniqueIdentifier>{67DA6AB6-F800-4c08-8B7A-83BB121AAD01}</UniqueIdentifier>
      <Extensions>rc;ico;cur;bmp;dlg;rc2;rct;bin;rgs;gif;jpg;jpeg;jpe;resx;tiff;tif;png;wav;mfcribbon-ms</Extensions>
    </Filter>
  </ItemGroup>
  <ItemGroup>
    <ClCompile Include="09_QueueByStack.cpp">
      <Filter>Source Files</Filter>
    </ClCompile>
    <ClCompile Include="10_Fibonacci.cpp">
      <Filter>Source Files</Filter>
    </ClCompile>
    <ClCompile Include="11_MinRotateArray.cpp">
      <Filter>Source Files</Filter>
    </ClCompile>
    <ClCompile Include="12_PathInMatrix.cpp">
      <Filter>Source Files</Filter>
    </ClCompile>
    <ClCompile Include="13_MovingCount.cpp">
      <Filter>Source Files</Filter>
    </ClCompile>
    <ClCompile Include="14_CuttingRope.cpp">
      <Filter>Source Files</Filter>
    </ClCompile>
    <ClCompile Include="15_HammingWeight.cpp">
      <Filter>Source Files</Filter>
    </ClCompile>
    <ClCompile Include="02_GetDuplication.cpp">
      <Filter>Source Files</Filter>
    </ClCompile>
    <ClCompile Include="04_FindMatrix.cpp">
      <Filter>Source Files</Filter>
    </ClCompile>
    <ClCompile Include="05_ReplaceBlank.cpp">
      <Filter>Source Files</Filter>
    </ClCompile>
    <ClCompile Include="06_RevertPrintLink.cpp">
      <Filter>Source Files</Filter>
    </ClCompile>
    <ClCompile Include="07_BuildTree.cpp">
      <Filter>Source Files</Filter>
    </ClCompile>
    <ClCompile Include="08_FindTreeNextNode.cpp">
      <Filter>Source Files</Filter>
    </ClCompile>
    <ClCompile Include="16_Exponent.cpp">
      <Filter>Source Files</Filter>
    </ClCompile>
    <ClCompile Include="17_PrintNDigits.cpp">
      <Filter>Source Files</Filter>
    </ClCompile>
    <ClCompile Include="18_DeleteLinkNode.cpp">
      <Filter>Source Files</Filter>
    </ClCompile>
    <ClCompile Include="21_Exchange.cpp">
      <Filter>Source Files</Filter>
    </ClCompile>
    <ClCompile Include="22_GetKthFromEnd.cpp">
      <Filter>Source Files</Filter>
    </ClCompile>
    <ClCompile Include="24_RevertList.cpp">
      <Filter>Source Files</Filter>
    </ClCompile>
    <ClCompile Include="25_MergeList.cpp">
      <Filter>Source Files</Filter>
    </ClCompile>
    <ClCompile Include="23_CircleEntry.cpp">
      <Filter>Source Files</Filter>
    </ClCompile>
    <ClCompile Include="23_GetIntersectionNode.cpp">
      <Filter>Source Files</Filter>
    </ClCompile>
    <ClCompile Include="26_SubTree.cpp">
      <Filter>Source Files</Filter>
    </ClCompile>
    <ClCompile Include="27_MirrorTree.cpp">
      <Filter>Source Files</Filter>
    </ClCompile>
    <ClCompile Include="28_SymmetricTrees.cpp">
      <Filter>Source Files</Filter>
    </ClCompile>
    <ClCompile Include="31_ValidateStackSeq.cpp">
      <Filter>Source Files</Filter>
    </ClCompile>
    <ClCompile Include="29_PrintMatrixInCircle.cpp">
      <Filter>Source Files</Filter>
    </ClCompile>
    <ClCompile Include="30_MinStack.cpp">
      <Filter>Source Files</Filter>
    </ClCompile>
    <ClCompile Include="32_TreeLevelOrder.cpp">
      <Filter>Source Files</Filter>
    </ClCompile>
    <ClCompile Include="33_TreeLevelOrder2.cpp">
      <Filter>Source Files</Filter>
    </ClCompile>
    <ClCompile Include="34_TreeLevelOrder3.cpp">
      <Filter>Source Files</Filter>
    </ClCompile>
    <ClCompile Include="35_VerifyPostOrder.cpp">
      <Filter>Source Files</Filter>
    </ClCompile>
  </ItemGroup>
</Project>