<?xml version="1.0" encoding="utf-8"?>
<Project ToolsVersion="4.0" xmlns="http://schemas.microsoft.com/developer/msbuild/2003">
  <ItemGroup>
    <Filter Include="01_Sort">
      <UniqueIdentifier>{431b9e1f-a968-4705-989b-4e5b88947d8a}</UniqueIdentifier>
    </Filter>
    <Filter Include="02_Search">
      <UniqueIdentifier>{991a8296-ac1e-48a6-b2bf-59dcf8a1fff0}</UniqueIdentifier>
    </Filter>
    <Filter Include="03-LinkedList">
      <UniqueIdentifier>{df9f721e-50f4-4ebd-a18b-af2c20330ab1}</UniqueIdentifier>
    </Filter>
  </ItemGroup>
  <ItemGroup>
    <ClCompile Include="01_Sort\03_InsertionSort.cpp">
      <Filter>01_Sort</Filter>
    </ClCompile>
    <ClCompile Include="01_Sort\04_ShellSort.cpp">
      <Filter>01_Sort</Filter>
    </ClCompile>
    <ClCompile Include="01_Sort\05_MergeSort.cpp">
      <Filter>01_Sort</Filter>
    </ClCompile>
    <ClCompile Include="01_Sort\06_QuickSort.cpp">
      <Filter>01_Sort</Filter>
    </ClCompile>
    <ClCompile Include="01_Sort\07_HeapSort.cpp">
      <Filter>01_Sort</Filter>
    </ClCompile>
    <ClCompile Include="01_Sort\08_CountSort.cpp">
      <Filter>01_Sort</Filter>
    </ClCompile>
    <ClCompile Include="01_Sort\09_BucketSort.cpp">
      <Filter>01_Sort</Filter>
    </ClCompile>
    <ClCompile Include="01_Sort\10_RadixSort.cpp">
      <Filter>01_Sort</Filter>
    </ClCompile>
    <ClCompile Include="01_Sort\01_BubbleSort.cpp">
      <Filter>01_Sort</Filter>
    </ClCompile>
    <ClCompile Include="01_Sort\02_SelectionSort.cpp">
      <Filter>01_Sort</Filter>
    </ClCompile>
    <ClCompile Include="02_Search\01_BinarySearch.cpp">
      <Filter>02_Search</Filter>
    </ClCompile>
    <ClCompile Include="03_LinkedList\0002_AddTwoNumbers.cpp">
      <Filter>03-LinkedList</Filter>
    </ClCompile>
    <ClCompile Include="03_LinkedList\0146_LRUCache.cpp">
      <Filter>03-LinkedList</Filter>
    </ClCompile>
    <ClCompile Include="03_LinkedList\0021_MergeTwoLists.cpp">
      <Filter>03-LinkedList</Filter>
    </ClCompile>
    <ClCompile Include="03_LinkedList\offer22_GetKthFromEnd.cpp">
      <Filter>03-LinkedList</Filter>
    </ClCompile>
    <ClCompile Include="03_LinkedList\0024_RevertList.cpp">
      <Filter>03-LinkedList</Filter>
    </ClCompile>
    <ClCompile Include="03_LinkedList\0025_ReverseKGroup.cpp">
      <Filter>03-LinkedList</Filter>
    </ClCompile>
  </ItemGroup>
</Project>